// !$*UTF8*$!
{
	archiveVersion = 1;
	classes = {
	};
	objectVersion = 77;
	objects = {

/* Begin PBXFileReference section */
		07BB2F4E2EC700B4004E7632 /* PixelFlux.metallib */ = {isa = PBXFileReference; explicitFileType = "archive.metal-library"; includeInIndex = 0; path = PixelFlux.metallib; sourceTree = BUILT_PRODUCTS_DIR; };
/* End PBXFileReference section */

/* Begin PBXFileSystemSynchronizedRootGroup section */
		07BB2F502EC700B4004E7632 /* PixelFlux */ = {
			isa = PBXFileSystemSynchronizedRootGroup;
			path = PixelFlux;
			sourceTree = "<group>";
		};
/* End PBXFileSystemSynchronizedRootGroup section */

/* Begin PBXGroup section */
		07BB2F472EC700B4004E7632 = {
			isa = PBXGroup;
			children = (
				07BB2F502EC700B4004E7632 /* PixelFlux */,
				07BB2F4F2EC700B4004E7632 /* Products */,
			);
			sourceTree = "<group>";
		};
		07BB2F4F2EC700B4004E7632 /* Products */ = {
			isa = PBXGroup;
			children = (
				07BB2F4E2EC700B4004E7632 /* PixelFlux.metallib */,
			);
			name = Products;
			sourceTree = "<group>";
		};
/* End PBXGroup section */

/* Begin PBXNativeTarget section */
		07BB2F4D2EC700B4004E7632 /* PixelFlux */ = {
			isa = PBXNativeTarget;
			buildConfigurationList = 07BB2F552EC700B4004E7632 /* Build configuration list for PBXNativeTarget "PixelFlux" */;
			buildPhases = (
				07BB2F4C2EC700B4004E7632 /* Sources */,
			);
			buildRules = (
			);
			dependencies = (
			);
			fileSystemSynchronizedGroups = (
				07BB2F502EC700B4004E7632 /* PixelFlux */,
			);
			name = PixelFlux;
			packageProductDependencies = (
			);
			productName = PixelFlux;
			productReference = 07BB2F4E2EC700B4004E7632 /* PixelFlux.metallib */;
			productType = "com.apple.product-type.metal-library";
		};
/* End PBXNativeTarget section */

/* Begin PBXProject section */
		07BB2F482EC700B4004E7632 /* Project object */ = {
			isa = PBXProject;
			attributes = {
				BuildIndependentTargetsInParallel = 1;
				LastUpgradeCheck = 1640;
				TargetAttributes = {
					07BB2F4D2EC700B4004E7632 = {
						CreatedOnToolsVersion = 16.4;
					};
				};
			};
			buildConfigurationList = 07BB2F4B2EC700B4004E7632 /* Build configuration list for PBXProject "PixelFlux" */;
			developmentRegion = en;
			hasScannedForEncodings = 0;
			knownRegions = (
				en,
				Base,
			);
			mainGroup = 07BB2F472EC700B4004E7632;
			minimizedProjectReferenceProxies = 1;
			preferredProjectObjectVersion = 77;
			productRefGroup = 07BB2F4F2EC700B4004E7632 /* Products */;
			projectDirPath = "";
			projectRoot = "";
			targets = (
				07BB2F4D2EC700B4004E7632 /* PixelFlux */,
			);
		};
/* End PBXProject section */

/* Begin PBXSourcesBuildPhase section */
		07BB2F4C2EC700B4004E7632 /* Sources */ = {
			isa = PBXSourcesBuildPhase;
			buildActionMask = 2147483647;
			files = (
			);
			runOnlyForDeploymentPostprocessing = 0;
		};
/* End PBXSourcesBuildPhase section */

/* Begin XCBuildConfiguration section */
		07BB2F532EC700B4004E7632 /* Debug */ = {
			isa = XCBuildConfiguration;
			buildSettings = {
				ALWAYS_SEARCH_USER_PATHS = NO;
				IPHONEOS_DEPLOYMENT_TARGET = 18.5;
				MTL_ENABLE_DEBUG_INFO = INCLUDE_SOURCE;
				MTL_FAST_MATH = YES;
				SDKROOT = iphoneos;
			};
			name = Debug;
		};
		07BB2F542EC700B4004E7632 /* Release */ = {
			isa = XCBuildConfiguration;
			buildSettings = {
				ALWAYS_SEARCH_USER_PATHS = NO;
				IPHONEOS_DEPLOYMENT_TARGET = 18.5;
				MTL_ENABLE_DEBUG_INFO = NO;
				MTL_FAST_MATH = YES;
				SDKROOT = iphoneos;
			};
			name = Release;
		};
		07BB2F562EC700B4004E7632 /* Debug */ = {
			isa = XCBuildConfiguration;
			buildSettings = {
				CODE_SIGN_STYLE = Automatic;
				PRODUCT_NAME = "$(TARGET_NAME)";
				VERSIONING_SYSTEM = "";
			};
			name = Debug;
		};
		07BB2F572EC700B4004E7632 /* Release */ = {
			isa = XCBuildConfiguration;
			buildSettings = {
				CODE_SIGN_STYLE = Automatic;
				PRODUCT_NAME = "$(TARGET_NAME)";
				VERSIONING_SYSTEM = "";
			};
			name = Release;
		};
/* End XCBuildConfiguration section */

/* Begin XCConfigurationList section */
		07BB2F4B2EC700B4004E7632 /* Build configuration list for PBXProject "PixelFlux" */ = {
			isa = XCConfigurationList;
			buildConfigurations = (
				07BB2F532EC700B4004E7632 /* Debug */,
				07BB2F542EC700B4004E7632 /* Release */,
			);
			defaultConfigurationIsVisible = 0;
			defaultConfigurationName = Release;
		};
		07BB2F552EC700B4004E7632 /* Build configuration list for PBXNativeTarget "PixelFlux" */ = {
			isa = XCConfigurationList;
			buildConfigurations = (
				07BB2F562EC700B4004E7632 /* Debug */,
				07BB2F572EC700B4004E7632 /* Release */,
			);
			defaultConfigurationIsVisible = 0;
			defaultConfigurationName = Release;
		};
/* End XCConfigurationList section */
	};
	rootObject = 07BB2F482EC700B4004E7632 /* Project object */;
}
